<?xml version="1.0" encoding="utf-8"?>
<!-- Machine-generated by UpdateProjectSrcs.sh - DO NOT MODIFY BY HAND OR WITH VISUAL STUDIO -->
<Project ToolsVersion="4.0" xmlns="http://schemas.microsoft.com/developer/msbuild/2003">

  <ItemGroup>
    <ClCompile Include="src/filesystem.msw.cpp" />
    <ClCompile Include="src/fs.cpp" />
    <ClCompile Include="src/logger_local_buffer.cpp" />
    <ClCompile Include="src/msw-printf-stdout.cpp" />
    <ClCompile Include="src/msw_app_console_init.cpp" />
    <ClCompile Include="src/posix_file.cpp" />
    <ClCompile Include="src/sce/filesystem.ps4.cpp">
      <Filter>sce</Filter>
    </ClCompile>
    <ClCompile Include="src/StringUtil.cpp" />
  </ItemGroup>
  <ItemGroup>
    <ClInclude Include="fi-projdir-BuildConfig.h" />
  </ItemGroup>
  <ItemGroup>
    <Filter Include="sce">
      <UniqueIdentifier>8fbf5d67-7309-96fb-f30a-d087e8bcc6</UniqueIdentifier>
    </Filter>
  </ItemGroup>
</Project>
