<?xml version="1.0" encoding="utf-8"?>
<!-- Machine-generated by UpdateProjectSrcs.sh - DO NOT MODIFY BY HAND OR WITH VISUAL STUDIO -->
<Project ToolsVersion="4.0" xmlns="http://schemas.microsoft.com/developer/msbuild/2003">

  <ItemGroup>
    <ClCompile Include="samples\tests_main.cpp">
      <Filter>samples</Filter>
    </ClCompile>
    <ClCompile Include="src/filesystem.msw.cpp" />
    <ClCompile Include="src/fs.cpp" />
    <ClCompile Include="src/logger_local_buffer.cpp" />
    <ClCompile Include="src/msw-printf-stdout.cpp" />
    <ClCompile Include="src/msw_app_console_init.cpp" />
    <ClCompile Include="src/posix_file.cpp" />
    <ClCompile Include="src/sce/filesystem.ps4.cpp">
      <Filter>sce</Filter>
    </ClCompile>
    <ClCompile Include="src/StringUtil.cpp" />
  </ItemGroup>
  <ItemGroup>
    <ClInclude Include="fi-projdir-BuildConfig.h" />
    <ClInclude Include="icy-app-glue\fi-icyglue-BuildConfig.h">
      <Filter>icy-app-glue</Filter>
    </ClInclude>
    <ClInclude Include="icy-app-glue\icy_assert.h">
      <Filter>icy-app-glue</Filter>
    </ClInclude>
    <ClInclude Include="icy-app-glue\icy_log.h">
      <Filter>icy-app-glue</Filter>
    </ClInclude>
  </ItemGroup>
  <ItemGroup>
    <ProjectReference Include="icyStdLib.vcxproj" />
  </ItemGroup>
  <ItemGroup>
    <Filter Include="icy-app-glue">
      <UniqueIdentifier>263a9114-2e77-9c61-a30b-185917a650</UniqueIdentifier>
    </Filter>
    <Filter Include="samples">
      <UniqueIdentifier>bfdd57f3-b9c4-c849-2ecc-5c17fa1c84</UniqueIdentifier>
    </Filter>
    <Filter Include="sce">
      <UniqueIdentifier>8750428e-eaaf-5ded-907e-5a459a44ea</UniqueIdentifier>
    </Filter>
  </ItemGroup>
</Project>
