<?xml version="1.0" encoding="utf-8"?>
<!-- Machine-generated by UpdateProjectSrcs.sh - DO NOT MODIFY BY HAND OR WITH VISUAL STUDIO -->
<Project ToolsVersion="4.0" xmlns="http://schemas.microsoft.com/developer/msbuild/2003">
  <ItemGroup>
    <ClCompile Include="samples\tests_main.cpp">
      <Filter>samples</Filter>
    </ClCompile>
  </ItemGroup>
  <ItemGroup>
    <ClInclude Include="fi-projdir-BuildConfig.h" />
    <ClInclude Include="icy-app-glue\icy_assert.h">
      <Filter>icy-app-glue</Filter>
    </ClInclude>
    <ClInclude Include="icy-app-glue\icy_log.h">
      <Filter>icy-app-glue</Filter>
    </ClInclude>
    <ClInclude Include="icy-app-glue\fi-icyglue-BuildConfig.h">
      <Filter>icy-app-glue</Filter>
    </ClInclude>
  </ItemGroup>
  <ItemGroup>
    <ProjectReference Include="icyStdLib.vcxproj" />
  </ItemGroup>
  <ItemGroup>
    <Filter Include="icy-app-glue">
      <UniqueIdentifier>aeae3f95-74cd-f0f0-8cb9-413071da39</UniqueIdentifier>
    </Filter>
    <Filter Include="samples">
      <UniqueIdentifier>2f67220f-e2ce-3bf5-3b56-06192d6c2c</UniqueIdentifier>
    </Filter>
    <Filter Include="sce">
      <UniqueIdentifier>cfd0d492-a3af-d875-4224-6e24b4c707</UniqueIdentifier>
    </Filter>
  </ItemGroup>
</Project>